
Microsoft Visual Studio Solution File, Format Version 12.00
# Visual Studio Version 16
VisualStudioVersion = 16.0.31515.178
MinimumVisualStudioVersion = 10.0.40219.1
Project("{FAE04EC0-301F-11D3-BF4B-00C04F79EFBC}") = "CSL360Helper", "CSL360Helper.csproj", "{CD842368-0C3A-4013-AAE8-6480470D10D6}"
EndProject
Global
	GlobalSection(SolutionConfigurationPlatforms) = preSolution
		Debug|Any CPU = Debug|Any CPU
		Release|Any CPU = Release|Any CPU
	EndGlobalSection
	GlobalSection(ProjectConfigurationPlatforms) = postSolution
		{CD842368-0C3A-4013-AAE8-6480470D10D6}.Debug|Any CPU.ActiveCfg = Debug|Any CPU
		{CD842368-0C3A-4013-AAE8-6480470D10D6}.Debug|Any CPU.Build.0 = Debug|Any CPU
		{CD842368-0C3A-4013-AAE8-6480470D10D6}.Release|Any CPU.ActiveCfg = Release|Any CPU
		{CD842368-0C3A-4013-AAE8-6480470D10D6}.Release|Any CPU.Build.0 = Release|Any CPU
	EndGlobalSection
	GlobalSection(SolutionProperties) = preSolution
		HideSolutionNode = FALSE
	EndGlobalSection
	GlobalSection(ExtensibilityGlobals) = postSolution
		SolutionGuid = {922F665C-FCBE-45E9-AF0A-E274037A9079}
	EndGlobalSection
EndGlobal
